
Microsoft Visual Studio Solution File, Format Version 12.00
# Visual Studio Version 17
VisualStudioVersion = 17.9.34723.18
MinimumVisualStudioVersion = 10.0.40219.1
Project("{FAE04EC0-301F-11D3-BF4B-00C04F79EFBC}") = "W_5_DVLD", "W_5_DVLD.csproj", "{51B5BA66-838C-48C8-B71B-630971FBB7CA}"
EndProject
Project("{FAE04EC0-301F-11D3-BF4B-00C04F79EFBC}") = "W_Business_", "..\W_Business_\W_Business_.csproj", "{669E3FD7-EE15-489C-9FD0-3F2233B63CC6}"
EndProject
Project("{FAE04EC0-301F-11D3-BF4B-00C04F79EFBC}") = "W_Data_", "..\W_Data_\W_Data_.csproj", "{F2327018-5E96-4813-9E71-C6C74505B707}"
EndProject
Global
	GlobalSection(SolutionConfigurationPlatforms) = preSolution
		Debug|Any CPU = Debug|Any CPU
		Release|Any CPU = Release|Any CPU
	EndGlobalSection
	GlobalSection(ProjectConfigurationPlatforms) = postSolution
		{51B5BA66-838C-48C8-B71B-630971FBB7CA}.Debug|Any CPU.ActiveCfg = Debug|Any CPU
		{51B5BA66-838C-48C8-B71B-630971FBB7CA}.Debug|Any CPU.Build.0 = Debug|Any CPU
		{51B5BA66-838C-48C8-B71B-630971FBB7CA}.Release|Any CPU.ActiveCfg = Release|Any CPU
		{51B5BA66-838C-48C8-B71B-630971FBB7CA}.Release|Any CPU.Build.0 = Release|Any CPU
		{669E3FD7-EE15-489C-9FD0-3F2233B63CC6}.Debug|Any CPU.ActiveCfg = Debug|Any CPU
		{669E3FD7-EE15-489C-9FD0-3F2233B63CC6}.Debug|Any CPU.Build.0 = Debug|Any CPU
		{669E3FD7-EE15-489C-9FD0-3F2233B63CC6}.Release|Any CPU.ActiveCfg = Release|Any CPU
		{669E3FD7-EE15-489C-9FD0-3F2233B63CC6}.Release|Any CPU.Build.0 = Release|Any CPU
		{F2327018-5E96-4813-9E71-C6C74505B707}.Debug|Any CPU.ActiveCfg = Debug|Any CPU
		{F2327018-5E96-4813-9E71-C6C74505B707}.Debug|Any CPU.Build.0 = Debug|Any CPU
		{F2327018-5E96-4813-9E71-C6C74505B707}.Release|Any CPU.ActiveCfg = Release|Any CPU
		{F2327018-5E96-4813-9E71-C6C74505B707}.Release|Any CPU.Build.0 = Release|Any CPU
	EndGlobalSection
	GlobalSection(SolutionProperties) = preSolution
		HideSolutionNode = FALSE
	EndGlobalSection
	GlobalSection(ExtensibilityGlobals) = postSolution
		SolutionGuid = {FA7E8FD0-3F7C-45D4-B109-4AA73B1C1F1F}
	EndGlobalSection
EndGlobal
